
Microsoft Visual Studio Solution File, Format Version 12.00
# Visual Studio Version 17
VisualStudioVersion = 17.5.33424.131
MinimumVisualStudioVersion = 10.0.40219.1
Project("{9A19103F-16F7-4668-BE54-9A1E7A4F7556}") = "Tests", "Tests\Tests.csproj", "{EBC290FC-0A56-4CEE-9926-52985B2345F2}"
EndProject
Project("{9A19103F-16F7-4668-BE54-9A1E7A4F7556}") = "FileReader", "FileReader\FileReader.csproj", "{BCED8C26-40CF-4CDA-BB50-1536023355BE}"
EndProject
Project("{9A19103F-16F7-4668-BE54-9A1E7A4F7556}") = "FileReaderApp", "FileReaderApp\FileReaderApp.csproj", "{852FD3F5-B98A-4D81-96D8-0D46373F160B}"
EndProject
Global
	GlobalSection(SolutionConfigurationPlatforms) = preSolution
		Debug|Any CPU = Debug|Any CPU
		Release|Any CPU = Release|Any CPU
	EndGlobalSection
	GlobalSection(ProjectConfigurationPlatforms) = postSolution
		{EBC290FC-0A56-4CEE-9926-52985B2345F2}.Debug|Any CPU.ActiveCfg = Debug|Any CPU
		{EBC290FC-0A56-4CEE-9926-52985B2345F2}.Debug|Any CPU.Build.0 = Debug|Any CPU
		{EBC290FC-0A56-4CEE-9926-52985B2345F2}.Release|Any CPU.ActiveCfg = Release|Any CPU
		{EBC290FC-0A56-4CEE-9926-52985B2345F2}.Release|Any CPU.Build.0 = Release|Any CPU
		{BCED8C26-40CF-4CDA-BB50-1536023355BE}.Debug|Any CPU.ActiveCfg = Debug|Any CPU
		{BCED8C26-40CF-4CDA-BB50-1536023355BE}.Debug|Any CPU.Build.0 = Debug|Any CPU
		{BCED8C26-40CF-4CDA-BB50-1536023355BE}.Release|Any CPU.ActiveCfg = Release|Any CPU
		{BCED8C26-40CF-4CDA-BB50-1536023355BE}.Release|Any CPU.Build.0 = Release|Any CPU
		{852FD3F5-B98A-4D81-96D8-0D46373F160B}.Debug|Any CPU.ActiveCfg = Debug|Any CPU
		{852FD3F5-B98A-4D81-96D8-0D46373F160B}.Debug|Any CPU.Build.0 = Debug|Any CPU
		{852FD3F5-B98A-4D81-96D8-0D46373F160B}.Release|Any CPU.ActiveCfg = Release|Any CPU
		{852FD3F5-B98A-4D81-96D8-0D46373F160B}.Release|Any CPU.Build.0 = Release|Any CPU
	EndGlobalSection
	GlobalSection(SolutionProperties) = preSolution
		HideSolutionNode = FALSE
	EndGlobalSection
	GlobalSection(ExtensibilityGlobals) = postSolution
		SolutionGuid = {9D9C04EA-16D3-4A08-82FF-A064B742C4F0}
	EndGlobalSection
EndGlobal
